
Microsoft Visual Studio Solution File, Format Version 12.00
# Visual Studio 15
VisualStudioVersion = 15.0.27428.2015
MinimumVisualStudioVersion = 10.0.40219.1
Project("{FAE04EC0-301F-11D3-BF4B-00C04F79EFBC}") = "VizionBot", "VizionBot\VizionBot.csproj", "{5DC77C43-3D67-4FD2-BE58-CC1BED54CECD}"
EndProject
Global
	GlobalSection(SolutionConfigurationPlatforms) = preSolution
		Debug|Any CPU = Debug|Any CPU
		Release|Any CPU = Release|Any CPU
	EndGlobalSection
	GlobalSection(ProjectConfigurationPlatforms) = postSolution
		{5DC77C43-3D67-4FD2-BE58-CC1BED54CECD}.Debug|Any CPU.ActiveCfg = Debug|Any CPU
		{5DC77C43-3D67-4FD2-BE58-CC1BED54CECD}.Debug|Any CPU.Build.0 = Debug|Any CPU
		{5DC77C43-3D67-4FD2-BE58-CC1BED54CECD}.Release|Any CPU.ActiveCfg = Release|Any CPU
		{5DC77C43-3D67-4FD2-BE58-CC1BED54CECD}.Release|Any CPU.Build.0 = Release|Any CPU
	EndGlobalSection
	GlobalSection(SolutionProperties) = preSolution
		HideSolutionNode = FALSE
	EndGlobalSection
	GlobalSection(ExtensibilityGlobals) = postSolution
		SolutionGuid = {26C01F3C-CC4D-4BE9-987D-D2199A76775C}
	EndGlobalSection
EndGlobal
